
Microsoft Visual Studio Solution File, Format Version 11.00
# Visual Studio 2010
Project("{FAE04EC0-301F-11D3-BF4B-00C04F79EFBC}") = "Assembly-CSharp", "Assembly-CSharp.csproj", "{994bf640-1e42-cb99-8795-6cf9067cda13}"
EndProject
Project("{FAE04EC0-301F-11D3-BF4B-00C04F79EFBC}") = "QCHT.Interactions.Samples", "QCHT.Interactions.Samples.csproj", "{c2a400a5-1418-bc07-0b5c-3605f938eb89}"
EndProject
Global
	GlobalSection(SolutionConfigurationPlatforms) = preSolution
		Debug|Any CPU = Debug|Any CPU
	EndGlobalSection
	GlobalSection(ProjectConfigurationPlatforms) = postSolution
		{994bf640-1e42-cb99-8795-6cf9067cda13}.Debug|Any CPU.ActiveCfg = Debug|Any CPU
		{994bf640-1e42-cb99-8795-6cf9067cda13}.Debug|Any CPU.Build.0 = Debug|Any CPU
		{c2a400a5-1418-bc07-0b5c-3605f938eb89}.Debug|Any CPU.ActiveCfg = Debug|Any CPU
		{c2a400a5-1418-bc07-0b5c-3605f938eb89}.Debug|Any CPU.Build.0 = Debug|Any CPU
	EndGlobalSection
	GlobalSection(SolutionProperties) = preSolution
		HideSolutionNode = FALSE
	EndGlobalSection
EndGlobal
